<?xml version="1.0" encoding="utf-8"?>
<Project ToolsVersion="4.0" xmlns="http://schemas.microsoft.com/developer/msbuild/2003">
  <ItemGroup>
    <Filter Include="generated %28debug%29">
      <UniqueIdentifier>{71ED8ED8-ACB9-4CE9-BBE1-E00B30144E11}</UniqueIdentifier>
      <Extensions>cpp;c;cxx;moc;h;def;odl;idl;res;</Extensions>
    </Filter>
    <Filter Include="resources">
      <UniqueIdentifier>{D9D6E242-F8AF-46E4-B9FD-80ECBC20BA3E}</UniqueIdentifier>
      <Extensions>qrc;*</Extensions>
      <ParseFiles>false</ParseFiles>
    </Filter>
    <Filter Include="resources\shader">
      <UniqueIdentifier>{f9c850a7-1282-4922-9bcc-0b09e557f63e}</UniqueIdentifier>
    </Filter>
    <Filter Include="generated %28release%29">
      <UniqueIdentifier>{a7934888-277a-4d02-be05-0aceb01e9d1a}</UniqueIdentifier>
    </Filter>
    <Filter Include="src">
      <UniqueIdentifier>{0b7ba827-75b9-48a3-b550-77822a17ddf7}</UniqueIdentifier>
    </Filter>
    <Filter Include="src\study">
      <UniqueIdentifier>{96072cbf-df91-4fd7-adb1-4d5bf57a3eb0}</UniqueIdentifier>
    </Filter>
    <Filter Include="src\gui">
      <UniqueIdentifier>{a269d074-c937-42ea-9e15-7c776e3fdf07}</UniqueIdentifier>
    </Filter>
    <Filter Include="src\tools">
      <UniqueIdentifier>{8fcbfe4d-f64b-4aba-8543-6177ae8e0e85}</UniqueIdentifier>
    </Filter>
    <Filter Include="src\tools\helpers">
      <UniqueIdentifier>{2d2edd4b-5744-4dcd-b142-08e16dd140ce}</UniqueIdentifier>
    </Filter>
    <Filter Include="src\primitives">
      <UniqueIdentifier>{8cd71b5a-52e8-4e6f-8d8d-206d2aa7128a}</UniqueIdentifier>
    </Filter>
    <Filter Include="src\widgets">
      <UniqueIdentifier>{55172d7e-61b0-4e7a-bf11-ee5cae4231fe}</UniqueIdentifier>
    </Filter>
    <Filter Include="src\widgets\controllers">
      <UniqueIdentifier>{55fac0ec-eb30-4345-a9cc-b5d7841db920}</UniqueIdentifier>
    </Filter>
    <Filter Include="src\widgets\helpers">
      <UniqueIdentifier>{bd809b6b-4986-4457-b7a5-7c4188207d5b}</UniqueIdentifier>
    </Filter>
    <Filter Include="src\widgets\helpers\attachments">
      <UniqueIdentifier>{886ea287-d1af-41e3-bab9-2c0173e52486}</UniqueIdentifier>
    </Filter>
    <Filter Include="src\widgets\renderers">
      <UniqueIdentifier>{bd05c47c-b95c-49b8-9a9a-c51911e4b243}</UniqueIdentifier>
    </Filter>
  </ItemGroup>
  <ItemGroup>
    <ClCompile Include="debug\moc_ambiguousselectionattachment.cpp">
      <Filter>generated %28debug%29</Filter>
    </ClCompile>
    <ClCompile Include="debug\moc_fingerglassopener.cpp">
      <Filter>generated %28debug%29</Filter>
    </ClCompile>
    <ClCompile Include="debug\moc_fingerglasstool.cpp">
      <Filter>generated %28debug%29</Filter>
    </ClCompile>
    <ClCompile Include="debug\moc_glresourcecontainer.cpp">
      <Filter>generated %28debug%29</Filter>
    </ClCompile>
    <ClCompile Include="debug\moc_glwidget.cpp">
      <Filter>generated %28debug%29</Filter>
    </ClCompile>
    <ClCompile Include="debug\moc_handlewidgetcontroller.cpp">
      <Filter>generated %28debug%29</Filter>
    </ClCompile>
    <ClCompile Include="debug\moc_magnifyingwidgetcontroller.cpp">
      <Filter>generated %28debug%29</Filter>
    </ClCompile>
    <ClCompile Include="debug\moc_mainwindow.cpp">
      <Filter>generated %28debug%29</Filter>
    </ClCompile>
    <ClCompile Include="debug\moc_rawtouchadapter.cpp">
      <Filter>generated %28debug%29</Filter>
    </ClCompile>
    <ClCompile Include="debug\moc_shiftpluswidgetcontroller.cpp">
      <Filter>generated %28debug%29</Filter>
    </ClCompile>
    <ClCompile Include="debug\moc_sidepane.cpp">
      <Filter>generated %28debug%29</Filter>
    </ClCompile>
    <ClCompile Include="debug\moc_squareitemwithsidepanelayout.cpp">
      <Filter>generated %28debug%29</Filter>
    </ClCompile>
    <ClCompile Include="debug\moc_task.cpp">
      <Filter>generated %28debug%29</Filter>
    </ClCompile>
    <ClCompile Include="debug\moc_timesingleton.cpp">
      <Filter>generated %28debug%29</Filter>
    </ClCompile>
    <ClCompile Include="debug\moc_touchwidgetcontroller.cpp">
      <Filter>generated %28debug%29</Filter>
    </ClCompile>
    <ClCompile Include="debug\moc_touchwidgetmanager.cpp">
      <Filter>generated %28debug%29</Filter>
    </ClCompile>
    <ClCompile Include="debug\moc_touchwidgetrenderer.cpp">
      <Filter>generated %28debug%29</Filter>
    </ClCompile>
    <ClCompile Include="debug\moc_widgetattachment.cpp">
      <Filter>generated %28debug%29</Filter>
    </ClCompile>
    <ClCompile Include="debug\qrc_shader.cpp">
      <Filter>generated %28debug%29</Filter>
    </ClCompile>
    <ClCompile Include="debug\qrc_texture.cpp">
      <Filter>generated %28debug%29</Filter>
    </ClCompile>
    <ClCompile Include="release\moc_ambiguousselectionattachment.cpp">
      <Filter>generated %28release%29</Filter>
    </ClCompile>
    <ClCompile Include="release\moc_fingerglassopener.cpp">
      <Filter>generated %28release%29</Filter>
    </ClCompile>
    <ClCompile Include="release\moc_fingerglasstool.cpp">
      <Filter>generated %28release%29</Filter>
    </ClCompile>
    <ClCompile Include="release\moc_glresourcecontainer.cpp">
      <Filter>generated %28release%29</Filter>
    </ClCompile>
    <ClCompile Include="release\moc_glwidget.cpp">
      <Filter>generated %28release%29</Filter>
    </ClCompile>
    <ClCompile Include="release\moc_handlewidgetcontroller.cpp">
      <Filter>generated %28release%29</Filter>
    </ClCompile>
    <ClCompile Include="release\moc_magnifyingwidgetcontroller.cpp">
      <Filter>generated %28release%29</Filter>
    </ClCompile>
    <ClCompile Include="release\moc_mainwindow.cpp">
      <Filter>generated %28release%29</Filter>
    </ClCompile>
    <ClCompile Include="release\moc_rawtouchadapter.cpp">
      <Filter>generated %28release%29</Filter>
    </ClCompile>
    <ClCompile Include="release\moc_shiftpluswidgetcontroller.cpp">
      <Filter>generated %28release%29</Filter>
    </ClCompile>
    <ClCompile Include="release\moc_sidepane.cpp">
      <Filter>generated %28release%29</Filter>
    </ClCompile>
    <ClCompile Include="release\moc_squareitemwithsidepanelayout.cpp">
      <Filter>generated %28release%29</Filter>
    </ClCompile>
    <ClCompile Include="release\moc_task.cpp">
      <Filter>generated %28release%29</Filter>
    </ClCompile>
    <ClCompile Include="release\moc_timesingleton.cpp">
      <Filter>generated %28release%29</Filter>
    </ClCompile>
    <ClCompile Include="release\moc_touchwidgetcontroller.cpp">
      <Filter>generated %28release%29</Filter>
    </ClCompile>
    <ClCompile Include="release\moc_touchwidgetmanager.cpp">
      <Filter>generated %28release%29</Filter>
    </ClCompile>
    <ClCompile Include="release\moc_touchwidgetrenderer.cpp">
      <Filter>generated %28release%29</Filter>
    </ClCompile>
    <ClCompile Include="release\moc_widgetattachment.cpp">
      <Filter>generated %28release%29</Filter>
    </ClCompile>
    <ClCompile Include="release\qrc_shader.cpp">
      <Filter>generated %28release%29</Filter>
    </ClCompile>
    <ClCompile Include="release\qrc_texture.cpp">
      <Filter>generated %28release%29</Filter>
    </ClCompile>
    <ClCompile Include="fatfinger_pch.cpp">
      <Filter>src</Filter>
    </ClCompile>
    <ClCompile Include="main.cpp">
      <Filter>src</Filter>
    </ClCompile>
    <ClCompile Include="pointwidgetconnection.cpp">
      <Filter>src</Filter>
    </ClCompile>
    <ClCompile Include="scenetouchpoint.cpp">
      <Filter>src</Filter>
    </ClCompile>
    <ClCompile Include="settings.cpp">
      <Filter>src</Filter>
    </ClCompile>
    <ClCompile Include="taskstatistics.cpp">
      <Filter>src</Filter>
    </ClCompile>
    <ClCompile Include="touchpointmanager.cpp">
      <Filter>src</Filter>
    </ClCompile>
    <ClCompile Include="interactiontask.cpp">
      <Filter>src\study</Filter>
    </ClCompile>
    <ClCompile Include="scene.cpp">
      <Filter>src\study</Filter>
    </ClCompile>
    <ClCompile Include="selectiontask.cpp">
      <Filter>src\study</Filter>
    </ClCompile>
    <ClCompile Include="study.cpp">
      <Filter>src\study</Filter>
    </ClCompile>
    <ClCompile Include="studycreator.cpp">
      <Filter>src\study</Filter>
    </ClCompile>
    <ClCompile Include="task.cpp">
      <Filter>src\study</Filter>
    </ClCompile>
    <ClCompile Include="glresourcecontainer.cpp">
      <Filter>src\gui</Filter>
    </ClCompile>
    <ClCompile Include="glwidget.cpp">
      <Filter>src\gui</Filter>
    </ClCompile>
    <ClCompile Include="mainwindow.cpp">
      <Filter>src\gui</Filter>
    </ClCompile>
    <ClCompile Include="rawtouchadapter.cpp">
      <Filter>src\gui</Filter>
    </ClCompile>
    <ClCompile Include="sidepane.cpp">
      <Filter>src\gui</Filter>
    </ClCompile>
    <ClCompile Include="squareitemwithsidepanelayout.cpp">
      <Filter>src\gui</Filter>
    </ClCompile>
    <ClCompile Include="dualfingerstretchtool.cpp">
      <Filter>src\tools</Filter>
    </ClCompile>
    <ClCompile Include="fingerglasstool.cpp">
      <Filter>src\tools</Filter>
    </ClCompile>
    <ClCompile Include="precisionhandletool.cpp">
      <Filter>src\tools</Filter>
    </ClCompile>
    <ClCompile Include="shifttool.cpp">
      <Filter>src\tools</Filter>
    </ClCompile>
    <ClCompile Include="tool.cpp">
      <Filter>src\tools</Filter>
    </ClCompile>
    <ClCompile Include="fingerglassopener.cpp">
      <Filter>src\tools\helpers</Filter>
    </ClCompile>
    <ClCompile Include="globallog.cpp">
      <Filter>src\primitives</Filter>
    </ClCompile>
    <ClCompile Include="settingcontainer.cpp">
      <Filter>src\primitives</Filter>
    </ClCompile>
    <ClCompile Include="timesingleton.cpp">
      <Filter>src\primitives</Filter>
    </ClCompile>
    <ClCompile Include="dualfingerstretchwidgetcontroller.cpp">
      <Filter>src\widgets\controllers</Filter>
    </ClCompile>
    <ClCompile Include="handlewidgetcontroller.cpp">
      <Filter>src\widgets\controllers</Filter>
    </ClCompile>
    <ClCompile Include="magnifyingwidgetcontroller.cpp">
      <Filter>src\widgets\controllers</Filter>
    </ClCompile>
    <ClCompile Include="precisionhandlewidgetcontroller.cpp">
      <Filter>src\widgets\controllers</Filter>
    </ClCompile>
    <ClCompile Include="rigidwidgetcontroller.cpp">
      <Filter>src\widgets\controllers</Filter>
    </ClCompile>
    <ClCompile Include="shiftpluswidgetcontroller.cpp">
      <Filter>src\widgets\controllers</Filter>
    </ClCompile>
    <ClCompile Include="singlehandedprecisionwidgetcontroller.cpp">
      <Filter>src\widgets\controllers</Filter>
    </ClCompile>
    <ClCompile Include="touchwidgetcontroller.cpp">
      <Filter>src\widgets\controllers</Filter>
    </ClCompile>
    <ClCompile Include="afterglowbubble.cpp">
      <Filter>src\widgets\helpers</Filter>
    </ClCompile>
    <ClCompile Include="handle.cpp">
      <Filter>src\widgets\helpers</Filter>
    </ClCompile>
    <ClCompile Include="magnifyingglass.cpp">
      <Filter>src\widgets\helpers</Filter>
    </ClCompile>
    <ClCompile Include="magnifyingglassmanager.cpp">
      <Filter>src\widgets\helpers</Filter>
    </ClCompile>
    <ClCompile Include="magnifyingglassoptimizer.cpp">
      <Filter>src\widgets\helpers</Filter>
    </ClCompile>
    <ClCompile Include="touchaccepter.cpp">
      <Filter>src\widgets\helpers</Filter>
    </ClCompile>
    <ClCompile Include="touchwidget.cpp">
      <Filter>src\widgets\helpers</Filter>
    </ClCompile>
    <ClCompile Include="touchwidgetmanager.cpp">
      <Filter>src\widgets\helpers</Filter>
    </ClCompile>
    <ClCompile Include="dualfingerstretchwidgetrenderer.cpp">
      <Filter>src\widgets\renderers</Filter>
    </ClCompile>
    <ClCompile Include="handlewidgetrenderer.cpp">
      <Filter>src\widgets\renderers</Filter>
    </ClCompile>
    <ClCompile Include="magnifyingwidgetrenderer.cpp">
      <Filter>src\widgets\renderers</Filter>
    </ClCompile>
    <ClCompile Include="precisionhandlewidgetrenderer.cpp">
      <Filter>src\widgets\renderers</Filter>
    </ClCompile>
    <ClCompile Include="shiftpluswidgetrenderer.cpp">
      <Filter>src\widgets\renderers</Filter>
    </ClCompile>
    <ClCompile Include="texturedrigidwidgetrenderer.cpp">
      <Filter>src\widgets\renderers</Filter>
    </ClCompile>
    <ClCompile Include="touchdisplaywidgetrenderer.cpp">
      <Filter>src\widgets\renderers</Filter>
    </ClCompile>
    <ClCompile Include="touchwidgetrenderer.cpp">
      <Filter>src\widgets\renderers</Filter>
    </ClCompile>
  </ItemGroup>
  <ItemGroup>
    <None Include="resources\button.png">
      <Filter>resources</Filter>
    </None>
    <None Include="resources\shader\circle.frag">
      <Filter>resources\shader</Filter>
    </None>
    <None Include="resources\shader\circle.vert">
      <Filter>resources\shader</Filter>
    </None>
    <None Include="resources\shader\mglass.frag">
      <Filter>resources\shader</Filter>
    </None>
    <None Include="resources\shader\mglass.vert">
      <Filter>resources\shader</Filter>
    </None>
  </ItemGroup>
  <ItemGroup>
    <ClInclude Include="config.h">
      <Filter>src</Filter>
    </ClInclude>
    <ClInclude Include="fatfinger_pch.h">
      <Filter>src</Filter>
    </ClInclude>
    <ClInclude Include="pointwidgetconnection.h">
      <Filter>src</Filter>
    </ClInclude>
    <ClInclude Include="scenetouchpoint.h">
      <Filter>src</Filter>
    </ClInclude>
    <ClInclude Include="settings.h">
      <Filter>src</Filter>
    </ClInclude>
    <ClInclude Include="touchpointmanager.h">
      <Filter>src</Filter>
    </ClInclude>
    <ClInclude Include="freestyletask.h">
      <Filter>src\study</Filter>
    </ClInclude>
    <ClInclude Include="interactiontask.h">
      <Filter>src\study</Filter>
    </ClInclude>
    <ClInclude Include="scene.h">
      <Filter>src\study</Filter>
    </ClInclude>
    <ClInclude Include="selectiontask.h">
      <Filter>src\study</Filter>
    </ClInclude>
    <ClInclude Include="study.h">
      <Filter>src\study</Filter>
    </ClInclude>
    <ClInclude Include="studycreator.h">
      <Filter>src\study</Filter>
    </ClInclude>
    <ClInclude Include="taskstatistics.h">
      <Filter>src\study</Filter>
    </ClInclude>
    <ClInclude Include="sidepaneevent.h">
      <Filter>src\gui</Filter>
    </ClInclude>
    <ClInclude Include="directtouchtool.h">
      <Filter>src\tools</Filter>
    </ClInclude>
    <ClInclude Include="dualfingerstretchtool.h">
      <Filter>src\tools</Filter>
    </ClInclude>
    <ClInclude Include="precisionhandletool.h">
      <Filter>src\tools</Filter>
    </ClInclude>
    <ClInclude Include="shifttool.h">
      <Filter>src\tools</Filter>
    </ClInclude>
    <ClInclude Include="tool.h">
      <Filter>src\tools</Filter>
    </ClInclude>
    <ClInclude Include="touchdisplaytool.h">
      <Filter>src\tools</Filter>
    </ClInclude>
    <ClInclude Include="globallog.h">
      <Filter>src\primitives</Filter>
    </ClInclude>
    <ClInclude Include="periodic.h">
      <Filter>src\primitives</Filter>
    </ClInclude>
    <ClInclude Include="settingcontainer.h">
      <Filter>src\primitives</Filter>
    </ClInclude>
    <ClInclude Include="timed.h">
      <Filter>src\primitives</Filter>
    </ClInclude>
    <ClInclude Include="touchlistener.h">
      <Filter>src\primitives</Filter>
    </ClInclude>
    <ClInclude Include="warping.h">
      <Filter>src\primitives</Filter>
    </ClInclude>
    <ClInclude Include="dualfingerstretchwidgetcontroller.h">
      <Filter>src\widgets\controllers</Filter>
    </ClInclude>
    <ClInclude Include="precisionhandlewidgetcontroller.h">
      <Filter>src\widgets\controllers</Filter>
    </ClInclude>
    <ClInclude Include="rigidwidgetcontroller.h">
      <Filter>src\widgets\controllers</Filter>
    </ClInclude>
    <ClInclude Include="singlehandedprecisionwidgetcontroller.h">
      <Filter>src\widgets\controllers</Filter>
    </ClInclude>
    <ClInclude Include="afterglowbubble.h">
      <Filter>src\widgets\helpers</Filter>
    </ClInclude>
    <ClInclude Include="definingpoint.h">
      <Filter>src\widgets\helpers</Filter>
    </ClInclude>
    <ClInclude Include="handle.h">
      <Filter>src\widgets\helpers</Filter>
    </ClInclude>
    <ClInclude Include="magnifyingglass.h">
      <Filter>src\widgets\helpers</Filter>
    </ClInclude>
    <ClInclude Include="magnifyingglassmanager.h">
      <Filter>src\widgets\helpers</Filter>
    </ClInclude>
    <ClInclude Include="magnifyingglassoptimizer.h">
      <Filter>src\widgets\helpers</Filter>
    </ClInclude>
    <ClInclude Include="toptwomap.h">
      <Filter>src\widgets\helpers</Filter>
    </ClInclude>
    <ClInclude Include="touchaccepter.h">
      <Filter>src\widgets\helpers</Filter>
    </ClInclude>
    <ClInclude Include="touchwidget.h">
      <Filter>src\widgets\helpers</Filter>
    </ClInclude>
    <ClInclude Include="variousattachments.h">
      <Filter>src\widgets\helpers\attachments</Filter>
    </ClInclude>
    <ClInclude Include="dualfingerstretchwidgetrenderer.h">
      <Filter>src\widgets\renderers</Filter>
    </ClInclude>
    <ClInclude Include="handlewidgetrenderer.h">
      <Filter>src\widgets\renderers</Filter>
    </ClInclude>
    <ClInclude Include="magnifyingwidgetrenderer.h">
      <Filter>src\widgets\renderers</Filter>
    </ClInclude>
    <ClInclude Include="precisionhandlewidgetrenderer.h">
      <Filter>src\widgets\renderers</Filter>
    </ClInclude>
    <ClInclude Include="shiftpluswidgetrenderer.h">
      <Filter>src\widgets\renderers</Filter>
    </ClInclude>
    <ClInclude Include="texturedrigidwidgetrenderer.h">
      <Filter>src\widgets\renderers</Filter>
    </ClInclude>
    <ClInclude Include="touchdisplaywidgetrenderer.h">
      <Filter>src\widgets\renderers</Filter>
    </ClInclude>
  </ItemGroup>
  <ItemGroup>
    <CustomBuild Include="shader.qrc">
      <Filter>resources</Filter>
    </CustomBuild>
    <CustomBuild Include="texture.qrc">
      <Filter>resources</Filter>
    </CustomBuild>
    <CustomBuild Include="task.h">
      <Filter>src\study</Filter>
    </CustomBuild>
    <CustomBuild Include="glresourcecontainer.h">
      <Filter>src\gui</Filter>
    </CustomBuild>
    <CustomBuild Include="glwidget.h">
      <Filter>src\gui</Filter>
    </CustomBuild>
    <CustomBuild Include="mainwindow.h">
      <Filter>src\gui</Filter>
    </CustomBuild>
    <CustomBuild Include="rawtouchadapter.h">
      <Filter>src\gui</Filter>
    </CustomBuild>
    <CustomBuild Include="sidepane.h">
      <Filter>src\gui</Filter>
    </CustomBuild>
    <CustomBuild Include="squareitemwithsidepanelayout.h">
      <Filter>src\gui</Filter>
    </CustomBuild>
    <CustomBuild Include="fingerglasstool.h">
      <Filter>src\tools</Filter>
    </CustomBuild>
    <CustomBuild Include="fingerglassopener.h">
      <Filter>src\tools\helpers</Filter>
    </CustomBuild>
    <CustomBuild Include="timesingleton.h">
      <Filter>src\primitives</Filter>
    </CustomBuild>
    <CustomBuild Include="handlewidgetcontroller.h">
      <Filter>src\widgets\controllers</Filter>
    </CustomBuild>
    <CustomBuild Include="magnifyingwidgetcontroller.h">
      <Filter>src\widgets\controllers</Filter>
    </CustomBuild>
    <CustomBuild Include="shiftpluswidgetcontroller.h">
      <Filter>src\widgets\controllers</Filter>
    </CustomBuild>
    <CustomBuild Include="touchwidgetcontroller.h">
      <Filter>src\widgets\controllers</Filter>
    </CustomBuild>
    <CustomBuild Include="touchwidgetmanager.h">
      <Filter>src\widgets\helpers</Filter>
    </CustomBuild>
    <CustomBuild Include="ambiguousselectionattachment.h">
      <Filter>src\widgets\helpers\attachments</Filter>
    </CustomBuild>
    <CustomBuild Include="widgetattachment.h">
      <Filter>src\widgets\helpers\attachments</Filter>
    </CustomBuild>
    <CustomBuild Include="touchwidgetrenderer.h">
      <Filter>src\widgets\renderers</Filter>
    </CustomBuild>
  </ItemGroup>
</Project>